{
  "version": "5",
  "specifiers": {
    "jsr:@bgub/eta@^4.6.0": "4.6.0",
    "jsr:@cfs/core@10.0.0-beta.286": "10.0.0-beta.286",
    "npm:@date-fns/tz@^1.4.1": "1.5.0",
    "npm:@date-fns/tz@^1.5.0": "1.5.0",
    "npm:currency.js@^2.0.4": "2.0.4",
    "npm:date-fns@^4.1.0": "4.4.0",
    "npm:date-fns@^4.4.0": "4.4.0",
    "npm:zod@^4.3.6": "4.4.3"
  },
  "jsr": {
    "@bgub/eta@4.6.0": {
      "integrity": "fe872004cd6c64ca25c7e71fd80bbbad7d8d552cefd31828bddddb7db0f79eb1"
    },
    "@cfs/core@10.0.0-beta.286": {
      "integrity": "b357ce8a7e2c4fdce0f25618935c7887708cf4173fd6d28a3a2a451e744f8fbb",
      "dependencies": [
        "npm:@date-fns/tz@^1.4.1",
        "npm:currency.js",
        "npm:date-fns@^4.1.0",
        "npm:zod"
      ]
    }
  },
  "npm": {
    "@date-fns/tz@1.5.0": {
      "integrity": "sha512-lwYN/vDPeNRULcepoE/LO2Pgx+7/RV+S9ARfbc9lr2DtGkOD7pAiruHvbR1RX3Qyf6ja47EWJDMsNK5vK08DJg=="
    },
    "currency.js@2.0.4": {
      "integrity": "sha512-6/OplJYgJ0RUlli74d93HJ/OsKVBi8lB1+Z6eJYS1YZzBuIp4qKKHpJ7ad+GvTlWmLR/hLJOWTykN5Nm8NJ7+w=="
    },
    "date-fns@4.4.0": {
      "integrity": "sha512-+1UMbeh68lH1SegH83CGWwpb6OHHbpSgr3+s5Eww5M4CAgswBpoWS0AjTOfEJ33HiYKz1hdj/KTFprzXHmq/6w=="
    },
    "zod@4.4.3": {
      "integrity": "sha512-ytENFjIJFl2UwYglde2jchW2Hwm4GJFLDiSXWdTrJQBIN9Fcyp7n4DhxJEiWNAJMV1/BqWfW/kkg71UDcHJyTQ=="
    }
  },
  "workspace": {
    "dependencies": [
      "jsr:@bgub/eta@^4.6.0",
      "jsr:@cfs/core@10.0.0-beta.286",
      "npm:@date-fns/tz@^1.5.0",
      "npm:date-fns@^4.4.0"
    ]
  }
}
