{
  "version": "5",
  "specifiers": {
    "jsr:@bgub/eta@^4.6.0": "4.6.0",
    "jsr:@cfs/core@10.0.0-beta.404": "10.0.0-beta.404",
    "jsr:@std/assert@^1.0.19": "1.0.19",
    "jsr:@std/internal@^1.0.12": "1.0.14",
    "jsr:@std/semver@^1.0.8": "1.0.8",
    "npm:@date-fns/tz@^1.4.1": "1.5.0",
    "npm:@date-fns/tz@^1.5.0": "1.5.0",
    "npm:currency.js@^2.0.4": "2.0.4",
    "npm:date-fns@^4.1.0": "4.4.0",
    "npm:date-fns@^4.4.0": "4.4.0",
    "npm:lodash-es@^4.17.21": "4.18.1",
    "npm:zod@^4.5.4": "4.5.4"
  },
  "jsr": {
    "@bgub/eta@4.6.0": {
      "integrity": "fe872004cd6c64ca25c7e71fd80bbbad7d8d552cefd31828bddddb7db0f79eb1"
    },
    "@cfs/core@10.0.0-beta.404": {
      "integrity": "5897f213fc4da9c4ae55f1b9cc2989801e7262047348a19991d4538c55c67ad4",
      "dependencies": [
        "npm:@date-fns/tz@^1.4.1",
        "npm:currency.js",
        "npm:date-fns@^4.1.0",
        "npm:lodash-es",
        "npm:zod"
      ]
    },
    "@std/assert@1.0.19": {
      "integrity": "eaada96ee120cb980bc47e040f82814d786fe8162ecc53c91d8df60b8755991e",
      "dependencies": [
        "jsr:@std/internal"
      ]
    },
    "@std/internal@1.0.14": {
      "integrity": "291516b3d4c35024d6ffbc0a9df5bf4c64116e05b50012cf846710152d2ffdf7"
    },
    "@std/semver@1.0.8": {
      "integrity": "dc830e8b8b6a380c895d53fbfd1258dc253704ca57bbe1629ac65fd7830179b7"
    }
  },
  "npm": {
    "@date-fns/tz@1.5.0": {
      "integrity": "sha512-lwYN/vDPeNRULcepoE/LO2Pgx+7/RV+S9ARfbc9lr2DtGkOD7pAiruHvbR1RX3Qyf6ja47EWJDMsNK5vK08DJg=="
    },
    "currency.js@2.0.4": {
      "integrity": "sha512-6/OplJYgJ0RUlli74d93HJ/OsKVBi8lB1+Z6eJYS1YZzBuIp4qKKHpJ7ad+GvTlWmLR/hLJOWTykN5Nm8NJ7+w=="
    },
    "date-fns@4.4.0": {
      "integrity": "sha512-+1UMbeh68lH1SegH83CGWwpb6OHHbpSgr3+s5Eww5M4CAgswBpoWS0AjTOfEJ33HiYKz1hdj/KTFprzXHmq/6w=="
    },
    "lodash-es@4.18.1": {
      "integrity": "sha512-J8xewKD/Gk22OZbhpOVSwcs60zhd95ESDwezOFuA3/099925PdHJ7OFHNTGtajL3AlZkykD32HykiMo+BIBI8A=="
    },
    "zod@4.5.4": {
      "integrity": "sha512-sC95tT5iHHH9gtpj6A81kh+NEaRAUFN+qlUPDUbRfOMvNf5QCBqsb3WgvnpVtK5Y+4UfA6KqufotuTvMGiTlsA=="
    }
  },
  "workspace": {
    "dependencies": [
      "jsr:@bgub/eta@^4.6.0",
      "jsr:@cfs/core@10.0.0-beta.404",
      "jsr:@std/assert@^1.0.19",
      "jsr:@std/semver@^1.0.8",
      "npm:@date-fns/tz@^1.5.0",
      "npm:date-fns@^4.4.0"
    ]
  }
}
